// !$*UTF8*$!
{
	archiveVersion = 1;
	classes = {
	};
	objectVersion = 46;
	objects = {

/* Begin PBXBuildFile section */
		934E673E195AB02A003FD836 /* AppDelegate.swift in Sources */ = {isa = PBXBuildFile; fileRef = 934E673D195AB02A003FD836 /* AppDelegate.swift */; };
		934E6740195AB02A003FD836 /* ViewController.swift in Sources */ = {isa = PBXBuildFile; fileRef = 934E673F195AB02A003FD836 /* ViewController.swift */; };
		934E6743195AB02A003FD836 /* Main.storyboard in Resources */ = {isa = PBXBuildFile; fileRef = 934E6741195AB02A003FD836 /* Main.storyboard */; };
		934E6745195AB02A003FD836 /* Images.xcassets in Resources */ = {isa = PBXBuildFile; fileRef = 934E6744195AB02A003FD836 /* Images.xcassets */; };
		934E6751195AB02A003FD836 /* TWWebViewTests.swift in Sources */ = {isa = PBXBuildFile; fileRef = 934E6750195AB02A003FD836 /* TWWebViewTests.swift */; };
/* End PBXBuildFile section */

/* Begin PBXContainerItemProxy section */
		934E674B195AB02A003FD836 /* PBXContainerItemProxy */ = {
			isa = PBXContainerItemProxy;
			containerPortal = 934E6730195AB02A003FD836 /* Project object */;
			proxyType = 1;
			remoteGlobalIDString = 934E6737195AB02A003FD836;
			remoteInfo = TWWebView;
		};
/* End PBXContainerItemProxy section */

/* Begin PBXFileReference section */
		934E6738195AB02A003FD836 /* TWWebView.app */ = {isa = PBXFileReference; explicitFileType = wrapper.application; includeInIndex = 0; path = TWWebView.app; sourceTree = BUILT_PRODUCTS_DIR; };
		934E673C195AB02A003FD836 /* Info.plist */ = {isa = PBXFileReference; lastKnownFileType = text.plist.xml; path = Info.plist; sourceTree = "<group>"; };
		934E673D195AB02A003FD836 /* AppDelegate.swift */ = {isa = PBXFileReference; lastKnownFileType = sourcecode.swift; path = AppDelegate.swift; sourceTree = "<group>"; };
		934E673F195AB02A003FD836 /* ViewController.swift */ = {isa = PBXFileReference; lastKnownFileType = sourcecode.swift; path = ViewController.swift; sourceTree = "<group>"; };
		934E6742195AB02A003FD836 /* Base */ = {isa = PBXFileReference; lastKnownFileType = file.storyboard; name = Base; path = Base.lproj/Main.storyboard; sourceTree = "<group>"; };
		934E6744195AB02A003FD836 /* Images.xcassets */ = {isa = PBXFileReference; lastKnownFileType = folder.assetcatalog; path = Images.xcassets; sourceTree = "<group>"; };
		934E674A195AB02A003FD836 /* TWWebViewTests.xctest */ = {isa = PBXFileReference; explicitFileType = wrapper.cfbundle; includeInIndex = 0; path = TWWebViewTests.xctest; sourceTree = BUILT_PRODUCTS_DIR; };
		934E674F195AB02A003FD836 /* Info.plist */ = {isa = PBXFileReference; lastKnownFileType = text.plist.xml; path = Info.plist; sourceTree = "<group>"; };
		934E6750195AB02A003FD836 /* TWWebViewTests.swift */ = {isa = PBXFileReference; lastKnownFileType = sourcecode.swift; path = TWWebViewTests.swift; sourceTree = "<group>"; };
/* End PBXFileReference section */

/* Begin PBXFrameworksBuildPhase section */
		934E6735195AB02A003FD836 /* Frameworks */ = {
			isa = PBXFrameworksBuildPhase;
			buildActionMask = 2147483647;
			files = (
			);
			runOnlyForDeploymentPostprocessing = 0;
		};
		934E6747195AB02A003FD836 /* Frameworks */ = {
			isa = PBXFrameworksBuildPhase;
			buildActionMask = 2147483647;
			files = (
			);
			runOnlyForDeploymentPostprocessing = 0;
		};
/* End PBXFrameworksBuildPhase section */

/* Begin PBXGroup section */
		934E672F195AB02A003FD836 = {
			isa = PBXGroup;
			children = (
				934E673A195AB02A003FD836 /* TWWebView */,
				934E674D195AB02A003FD836 /* TWWebViewTests */,
				934E6739195AB02A003FD836 /* Products */,
			);
			sourceTree = "<group>";
		};
		934E6739195AB02A003FD836 /* Products */ = {
			isa = PBXGroup;
			children = (
				934E6738195AB02A003FD836 /* TWWebView.app */,
				934E674A195AB02A003FD836 /* TWWebViewTests.xctest */,
			);
			name = Products;
			sourceTree = "<group>";
		};
		934E673A195AB02A003FD836 /* TWWebView */ = {
			isa = PBXGroup;
			children = (
				934E673D195AB02A003FD836 /* AppDelegate.swift */,
				934E673F195AB02A003FD836 /* ViewController.swift */,
				934E6741195AB02A003FD836 /* Main.storyboard */,
				934E6744195AB02A003FD836 /* Images.xcassets */,
				934E673B195AB02A003FD836 /* Supporting Files */,
			);
			path = TWWebView;
			sourceTree = "<group>";
		};
		934E673B195AB02A003FD836 /* Supporting Files */ = {
			isa = PBXGroup;
			children = (
				934E673C195AB02A003FD836 /* Info.plist */,
			);
			name = "Supporting Files";
			sourceTree = "<group>";
		};
		934E674D195AB02A003FD836 /* TWWebViewTests */ = {
			isa = PBXGroup;
			children = (
				934E6750195AB02A003FD836 /* TWWebViewTests.swift */,
				934E674E195AB02A003FD836 /* Supporting Files */,
			);
			path = TWWebViewTests;
			sourceTree = "<group>";
		};
		934E674E195AB02A003FD836 /* Supporting Files */ = {
			isa = PBXGroup;
			children = (
				934E674F195AB02A003FD836 /* Info.plist */,
			);
			name = "Supporting Files";
			sourceTree = "<group>";
		};
/* End PBXGroup section */

/* Begin PBXNativeTarget section */
		934E6737195AB02A003FD836 /* TWWebView */ = {
			isa = PBXNativeTarget;
			buildConfigurationList = 934E6754195AB02A003FD836 /* Build configuration list for PBXNativeTarget "TWWebView" */;
			buildPhases = (
				934E6734195AB02A003FD836 /* Sources */,
				934E6735195AB02A003FD836 /* Frameworks */,
				934E6736195AB02A003FD836 /* Resources */,
			);
			buildRules = (
			);
			dependencies = (
			);
			name = TWWebView;
			productName = TWWebView;
			productReference = 934E6738195AB02A003FD836 /* TWWebView.app */;
			productType = "com.apple.product-type.application";
		};
		934E6749195AB02A003FD836 /* TWWebViewTests */ = {
			isa = PBXNativeTarget;
			buildConfigurationList = 934E6757195AB02A003FD836 /* Build configuration list for PBXNativeTarget "TWWebViewTests" */;
			buildPhases = (
				934E6746195AB02A003FD836 /* Sources */,
				934E6747195AB02A003FD836 /* Frameworks */,
				934E6748195AB02A003FD836 /* Resources */,
			);
			buildRules = (
			);
			dependencies = (
				934E674C195AB02A003FD836 /* PBXTargetDependency */,
			);
			name = TWWebViewTests;
			productName = TWWebViewTests;
			productReference = 934E674A195AB02A003FD836 /* TWWebViewTests.xctest */;
			productType = "com.apple.product-type.bundle.unit-test";
		};
/* End PBXNativeTarget section */

/* Begin PBXProject section */
		934E6730195AB02A003FD836 /* Project object */ = {
			isa = PBXProject;
			attributes = {
				LastUpgradeCheck = 0600;
				ORGANIZATIONNAME = silentcloud;
				TargetAttributes = {
					934E6737195AB02A003FD836 = {
						CreatedOnToolsVersion = 6.0;
					};
					934E6749195AB02A003FD836 = {
						CreatedOnToolsVersion = 6.0;
						TestTargetID = 934E6737195AB02A003FD836;
					};
				};
			};
			buildConfigurationList = 934E6733195AB02A003FD836 /* Build configuration list for PBXProject "TWWebView" */;
			compatibilityVersion = "Xcode 3.2";
			developmentRegion = English;
			hasScannedForEncodings = 0;
			knownRegions = (
				en,
				Base,
			);
			mainGroup = 934E672F195AB02A003FD836;
			productRefGroup = 934E6739195AB02A003FD836 /* Products */;
			projectDirPath = "";
			projectRoot = "";
			targets = (
				934E6737195AB02A003FD836 /* TWWebView */,
				934E6749195AB02A003FD836 /* TWWebViewTests */,
			);
		};
/* End PBXProject section */

/* Begin PBXResourcesBuildPhase section */
		934E6736195AB02A003FD836 /* Resources */ = {
			isa = PBXResourcesBuildPhase;
			buildActionMask = 2147483647;
			files = (
				934E6743195AB02A003FD836 /* Main.storyboard in Resources */,
				934E6745195AB02A003FD836 /* Images.xcassets in Resources */,
			);
			runOnlyForDeploymentPostprocessing = 0;
		};
		934E6748195AB02A003FD836 /* Resources */ = {
			isa = PBXResourcesBuildPhase;
			buildActionMask = 2147483647;
			files = (
			);
			runOnlyForDeploymentPostprocessing = 0;
		};
/* End PBXResourcesBuildPhase section */

/* Begin PBXSourcesBuildPhase section */
		934E6734195AB02A003FD836 /* Sources */ = {
			isa = PBXSourcesBuildPhase;
			buildActionMask = 2147483647;
			files = (
				934E6740195AB02A003FD836 /* ViewController.swift in Sources */,
				934E673E195AB02A003FD836 /* AppDelegate.swift in Sources */,
			);
			runOnlyForDeploymentPostprocessing = 0;
		};
		934E6746195AB02A003FD836 /* Sources */ = {
			isa = PBXSourcesBuildPhase;
			buildActionMask = 2147483647;
			files = (
				934E6751195AB02A003FD836 /* TWWebViewTests.swift in Sources */,
			);
			runOnlyForDeploymentPostprocessing = 0;
		};
/* End PBXSourcesBuildPhase section */

/* Begin PBXTargetDependency section */
		934E674C195AB02A003FD836 /* PBXTargetDependency */ = {
			isa = PBXTargetDependency;
			target = 934E6737195AB02A003FD836 /* TWWebView */;
			targetProxy = 934E674B195AB02A003FD836 /* PBXContainerItemProxy */;
		};
/* End PBXTargetDependency section */

/* Begin PBXVariantGroup section */
		934E6741195AB02A003FD836 /* Main.storyboard */ = {
			isa = PBXVariantGroup;
			children = (
				934E6742195AB02A003FD836 /* Base */,
			);
			name = Main.storyboard;
			sourceTree = "<group>";
		};
/* End PBXVariantGroup section */

/* Begin XCBuildConfiguration section */
		934E6752195AB02A003FD836 /* Debug */ = {
			isa = XCBuildConfiguration;
			buildSettings = {
				ALWAYS_SEARCH_USER_PATHS = NO;
				CLANG_CXX_LANGUAGE_STANDARD = "gnu++0x";
				CLANG_CXX_LIBRARY = "libc++";
				CLANG_ENABLE_MODULES = YES;
				CLANG_ENABLE_OBJC_ARC = YES;
				CLANG_WARN_BOOL_CONVERSION = YES;
				CLANG_WARN_CONSTANT_CONVERSION = YES;
				CLANG_WARN_DIRECT_OBJC_ISA_USAGE = YES_ERROR;
				CLANG_WARN_EMPTY_BODY = YES;
				CLANG_WARN_ENUM_CONVERSION = YES;
				CLANG_WARN_INT_CONVERSION = YES;
				CLANG_WARN_OBJC_ROOT_CLASS = YES_ERROR;
				CLANG_WARN_UNREACHABLE_CODE = YES;
				CLANG_WARN__DUPLICATE_METHOD_MATCH = YES;
				"CODE_SIGN_IDENTITY[sdk=iphoneos*]" = "iPhone Developer";
				COPY_PHASE_STRIP = NO;
				ENABLE_STRICT_OBJC_MSGSEND = YES;
				GCC_C_LANGUAGE_STANDARD = gnu99;
				GCC_DYNAMIC_NO_PIC = NO;
				GCC_OPTIMIZATION_LEVEL = 0;
				GCC_PREPROCESSOR_DEFINITIONS = (
					"DEBUG=1",
					"$(inherited)",
				);
				GCC_SYMBOLS_PRIVATE_EXTERN = NO;
				GCC_WARN_64_TO_32_BIT_CONVERSION = YES;
				GCC_WARN_ABOUT_RETURN_TYPE = YES_ERROR;
				GCC_WARN_UNDECLARED_SELECTOR = YES;
				GCC_WARN_UNINITIALIZED_AUTOS = YES_AGGRESSIVE;
				GCC_WARN_UNUSED_FUNCTION = YES;
				GCC_WARN_UNUSED_VARIABLE = YES;
				IPHONEOS_DEPLOYMENT_TARGET = 8.0;
				METAL_ENABLE_DEBUG_INFO = YES;
				ONLY_ACTIVE_ARCH = YES;
				SDKROOT = iphoneos;
				SWIFT_OPTIMIZATION_LEVEL = "-Onone";
			};
			name = Debug;
		};
		934E6753195AB02A003FD836 /* Release */ = {
			isa = XCBuildConfiguration;
			buildSettings = {
				ALWAYS_SEARCH_USER_PATHS = NO;
				CLANG_CXX_LANGUAGE_STANDARD = "gnu++0x";
				CLANG_CXX_LIBRARY = "libc++";
				CLANG_ENABLE_MODULES = YES;
				CLANG_ENABLE_OBJC_ARC = YES;
				CLANG_WARN_BOOL_CONVERSION = YES;
				CLANG_WARN_CONSTANT_CONVERSION = YES;
				CLANG_WARN_DIRECT_OBJC_ISA_USAGE = YES_ERROR;
				CLANG_WARN_EMPTY_BODY = YES;
				CLANG_WARN_ENUM_CONVERSION = YES;
				CLANG_WARN_INT_CONVERSION = YES;
				CLANG_WARN_OBJC_ROOT_CLASS = YES_ERROR;
				CLANG_WARN_UNREACHABLE_CODE = YES;
				CLANG_WARN__DUPLICATE_METHOD_MATCH = YES;
				"CODE_SIGN_IDENTITY[sdk=iphoneos*]" = "iPhone Developer";
				COPY_PHASE_STRIP = YES;
				ENABLE_NS_ASSERTIONS = NO;
				ENABLE_STRICT_OBJC_MSGSEND = YES;
				GCC_C_LANGUAGE_STANDARD = gnu99;
				GCC_WARN_64_TO_32_BIT_CONVERSION = YES;
				GCC_WARN_ABOUT_RETURN_TYPE = YES_ERROR;
				GCC_WARN_UNDECLARED_SELECTOR = YES;
				GCC_WARN_UNINITIALIZED_AUTOS = YES_AGGRESSIVE;
				GCC_WARN_UNUSED_FUNCTION = YES;
				GCC_WARN_UNUSED_VARIABLE = YES;
				IPHONEOS_DEPLOYMENT_TARGET = 8.0;
				METAL_ENABLE_DEBUG_INFO = NO;
				SDKROOT = iphoneos;
				VALIDATE_PRODUCT = YES;
			};
			name = Release;
		};
		934E6755195AB02A003FD836 /* Debug */ = {
			isa = XCBuildConfiguration;
			buildSettings = {
				ASSETCATALOG_COMPILER_APPICON_NAME = AppIcon;
				ASSETCATALOG_COMPILER_LAUNCHIMAGE_NAME = LaunchImage;
				INFOPLIST_FILE = TWWebView/Info.plist;
				LD_RUNPATH_SEARCH_PATHS = "$(inherited) @executable_path/Frameworks";
				PRODUCT_NAME = "$(TARGET_NAME)";
			};
			name = Debug;
		};
		934E6756195AB02A003FD836 /* Release */ = {
			isa = XCBuildConfiguration;
			buildSettings = {
				ASSETCATALOG_COMPILER_APPICON_NAME = AppIcon;
				ASSETCATALOG_COMPILER_LAUNCHIMAGE_NAME = LaunchImage;
				INFOPLIST_FILE = TWWebView/Info.plist;
				LD_RUNPATH_SEARCH_PATHS = "$(inherited) @executable_path/Frameworks";
				PRODUCT_NAME = "$(TARGET_NAME)";
			};
			name = Release;
		};
		934E6758195AB02A003FD836 /* Debug */ = {
			isa = XCBuildConfiguration;
			buildSettings = {
				BUNDLE_LOADER = "$(BUILT_PRODUCTS_DIR)/TWWebView.app/TWWebView";
				FRAMEWORK_SEARCH_PATHS = (
					"$(SDKROOT)/Developer/Library/Frameworks",
					"$(inherited)",
				);
				GCC_PREPROCESSOR_DEFINITIONS = (
					"DEBUG=1",
					"$(inherited)",
				);
				INFOPLIST_FILE = TWWebViewTests/Info.plist;
				LD_RUNPATH_SEARCH_PATHS = "$(inherited) @executable_path/Frameworks @loader_path/Frameworks";
				METAL_ENABLE_DEBUG_INFO = YES;
				PRODUCT_NAME = "$(TARGET_NAME)";
				TEST_HOST = "$(BUNDLE_LOADER)";
			};
			name = Debug;
		};
		934E6759195AB02A003FD836 /* Release */ = {
			isa = XCBuildConfiguration;
			buildSettings = {
				BUNDLE_LOADER = "$(BUILT_PRODUCTS_DIR)/TWWebView.app/TWWebView";
				FRAMEWORK_SEARCH_PATHS = (
					"$(SDKROOT)/Developer/Library/Frameworks",
					"$(inherited)",
				);
				INFOPLIST_FILE = TWWebViewTests/Info.plist;
				LD_RUNPATH_SEARCH_PATHS = "$(inherited) @executable_path/Frameworks @loader_path/Frameworks";
				METAL_ENABLE_DEBUG_INFO = NO;
				PRODUCT_NAME = "$(TARGET_NAME)";
				TEST_HOST = "$(BUNDLE_LOADER)";
			};
			name = Release;
		};
/* End XCBuildConfiguration section */

/* Begin XCConfigurationList section */
		934E6733195AB02A003FD836 /* Build configuration list for PBXProject "TWWebView" */ = {
			isa = XCConfigurationList;
			buildConfigurations = (
				934E6752195AB02A003FD836 /* Debug */,
				934E6753195AB02A003FD836 /* Release */,
			);
			defaultConfigurationIsVisible = 0;
			defaultConfigurationName = Release;
		};
		934E6754195AB02A003FD836 /* Build configuration list for PBXNativeTarget "TWWebView" */ = {
			isa = XCConfigurationList;
			buildConfigurations = (
				934E6755195AB02A003FD836 /* Debug */,
				934E6756195AB02A003FD836 /* Release */,
			);
			defaultConfigurationIsVisible = 0;
		};
		934E6757195AB02A003FD836 /* Build configuration list for PBXNativeTarget "TWWebViewTests" */ = {
			isa = XCConfigurationList;
			buildConfigurations = (
				934E6758195AB02A003FD836 /* Debug */,
				934E6759195AB02A003FD836 /* Release */,
			);
			defaultConfigurationIsVisible = 0;
		};
/* End XCConfigurationList section */
	};
	rootObject = 934E6730195AB02A003FD836 /* Project object */;
}
